
Microsoft Visual Studio Solution File, Format Version 12.00
# Visual Studio Version 16
VisualStudioVersion = 25.0.1703.5
MinimumVisualStudioVersion = 10.0.40219.1
Project("{FAE04EC0-301F-11D3-BF4B-00C04F79EFBC}") = "GadriensDuTemps", "GadriensDuTemps\GadriensDuTemps.csproj", "{3B55CC4F-72DD-413A-A171-20F48FB3FEA9}"
EndProject
Global
	GlobalSection(SolutionConfigurationPlatforms) = preSolution
		Debug|Any CPU = Debug|Any CPU
		Release|Any CPU = Release|Any CPU
	EndGlobalSection
	GlobalSection(ProjectConfigurationPlatforms) = postSolution
		{3B55CC4F-72DD-413A-A171-20F48FB3FEA9}.Debug|Any CPU.ActiveCfg = Debug|Any CPU
		{3B55CC4F-72DD-413A-A171-20F48FB3FEA9}.Debug|Any CPU.Build.0 = Debug|Any CPU
		{3B55CC4F-72DD-413A-A171-20F48FB3FEA9}.Release|Any CPU.ActiveCfg = Release|Any CPU
		{3B55CC4F-72DD-413A-A171-20F48FB3FEA9}.Release|Any CPU.Build.0 = Release|Any CPU
	EndGlobalSection
	GlobalSection(SolutionProperties) = preSolution
		HideSolutionNode = FALSE
	EndGlobalSection
	GlobalSection(ExtensibilityGlobals) = postSolution
		SolutionGuid = {47E749F0-80D6-483C-A600-0EB2CA2D8016}
	EndGlobalSection
EndGlobal
